
Microsoft Visual Studio Solution File, Format Version 12.00
# Visual Studio 15
VisualStudioVersion = 15.0.28010.2050
MinimumVisualStudioVersion = 10.0.40219.1
Project("{FAE04EC0-301F-11D3-BF4B-00C04F79EFBC}") = "GitPractice", "GitPractice\GitPractice.csproj", "{750984CA-22A2-4AD8-808F-22F40AE3F60E}"
EndProject
Global
	GlobalSection(SolutionConfigurationPlatforms) = preSolution
		Debug|Any CPU = Debug|Any CPU
		Release|Any CPU = Release|Any CPU
	EndGlobalSection
	GlobalSection(ProjectConfigurationPlatforms) = postSolution
		{750984CA-22A2-4AD8-808F-22F40AE3F60E}.Debug|Any CPU.ActiveCfg = Debug|Any CPU
		{750984CA-22A2-4AD8-808F-22F40AE3F60E}.Debug|Any CPU.Build.0 = Debug|Any CPU
		{750984CA-22A2-4AD8-808F-22F40AE3F60E}.Release|Any CPU.ActiveCfg = Release|Any CPU
		{750984CA-22A2-4AD8-808F-22F40AE3F60E}.Release|Any CPU.Build.0 = Release|Any CPU
	EndGlobalSection
	GlobalSection(SolutionProperties) = preSolution
		HideSolutionNode = FALSE
	EndGlobalSection
	GlobalSection(ExtensibilityGlobals) = postSolution
		SolutionGuid = {41175A14-4A6C-4BA5-AA83-CC201BE15FE5}
	EndGlobalSection
EndGlobal
